{
  "name": "backend",
  "version": "1.0.0",
  "lockfileVersion": 3,
  "requires": true,
  "packages": {
    "": {
      "name": "backend",
      "version": "1.0.0",
      "dependencies": {
        "@anthropic-ai/sdk": "^0.14.0",
        "axios": "^1.6.5",
        "bcryptjs": "^3.0.3",
        "better-auth": "^0.6.0",
        "bullmq": "^5.1.9",
        "cors": "^2.8.5",
        "cos-nodejs-sdk-v5": "^2.12.5",
        "dotenv": "^16.4.1",
        "drizzle-orm": "^0.29.3",
        "express": "^4.18.2",
        "i18next": "^25.8.0",
        "i18next-fs-backend": "^2.6.1",
        "i18next-http-middleware": "^3.9.2",
        "ioredis": "^5.3.2",
        "multer": "^1.4.5-lts.1",
        "nodemailer": "^8.0.1",
        "openai": "^4.24.1",
        "pg": "^8.11.3",
        "redis": "^4.6.12",
        "socket.io": "^4.6.1",
        "swagger-ui-express": "^5.0.0",
        "winston": "^3.11.0",
        "zod": "^3.22.4"
      },
      "devDependencies": {
        "@types/bcryptjs": "^2.4.6",
        "@types/cors": "^2.8.17",
        "@types/express": "^4.17.21",
        "@types/express-serve-static-core": "^5.1.1",
        "@types/jest": "^29.5.11",
        "@types/multer": "^1.4.11",
        "@types/node": "^20.11.5",
        "@types/nodemailer": "^7.0.9",
        "@types/pg": "^8.10.9",
        "@types/swagger-ui-express": "^4.1.6",
        "better-call": "^1.3.1",
        "drizzle-kit": "^0.20.10",
        "jest": "^29.7.0",
        "ts-jest": "^29.1.1",
        "tsx": "^4.7.0",
        "typescript": "^5.3.3"
      }
    },
    "../../node_modules/.pnpm/@anthropic-ai+sdk@0.14.1/node_modules/@anthropic-ai/sdk": {
      "version": "0.14.1",
      "license": "MIT",
      "dependencies": {
        "@types/node": "^18.11.18",
        "@types/node-fetch": "^2.6.4",
        "abort-controller": "^3.0.0",
        "agentkeepalive": "^4.2.1",
        "digest-fetch": "^1.3.0",
        "form-data-encoder": "1.7.2",
        "formdata-node": "^4.3.2",
        "node-fetch": "^2.6.7",
        "web-streams-polyfill": "^3.2.1"
      }
    },
    "../../node_modules/.pnpm/@types+bcryptjs@2.4.6/node_modules/@types/bcryptjs": {
      "version": "2.4.6",
      "dev": true,
      "license": "MIT"
    },
    "../../node_modules/.pnpm/@types+cors@2.8.19/node_modules/@types/cors": {
      "version": "2.8.19",
      "dev": true,
      "license": "MIT",
      "dependencies": {
        "@types/node": "*"
      }
    },
    "../../node_modules/.pnpm/@types+express-serve-static-core@5.1.1/node_modules/@types/express-serve-static-core": {
      "version": "5.1.1",
      "dev": true,
      "license": "MIT",
      "dependencies": {
        "@types/node": "*",
        "@types/qs": "*",
        "@types/range-parser": "*",
        "@types/send": "*"
      }
    },
    "../../node_modules/.pnpm/@types+express@4.17.25/node_modules/@types/express": {
      "version": "4.17.25",
      "dev": true,
      "license": "MIT",
      "dependencies": {
        "@types/body-parser": "*",
        "@types/express-serve-static-core": "^4.17.33",
        "@types/qs": "*",
        "@types/serve-static": "^1"
      }
    },
    "../../node_modules/.pnpm/@types+jest@29.5.14/node_modules/@types/jest": {
      "version": "29.5.14",
      "dev": true,
      "license": "MIT",
      "dependencies": {
        "expect": "^29.0.0",
        "pretty-format": "^29.0.0"
      }
    },
    "../../node_modules/.pnpm/@types+multer@1.4.13/node_modules/@types/multer": {
      "version": "1.4.13",
      "dev": true,
      "license": "MIT",
      "dependencies": {
        "@types/express": "*"
      }
    },
    "../../node_modules/.pnpm/@types+node@20.19.32/node_modules/@types/node": {
      "version": "20.19.32",
      "dev": true,
      "license": "MIT",
      "dependencies": {
        "undici-types": "~6.21.0"
      }
    },
    "../../node_modules/.pnpm/@types+pg@8.16.0/node_modules/@types/pg": {
      "version": "8.16.0",
      "dev": true,
      "license": "MIT",
      "dependencies": {
        "@types/node": "*",
        "pg-protocol": "*",
        "pg-types": "^2.2.0"
      }
    },
    "../../node_modules/.pnpm/@types+swagger-ui-express@4.1.8/node_modules/@types/swagger-ui-express": {
      "version": "4.1.8",
      "dev": true,
      "license": "MIT",
      "dependencies": {
        "@types/express": "*",
        "@types/serve-static": "*"
      }
    },
    "../../node_modules/.pnpm/axios@1.13.4/node_modules/axios": {
      "version": "1.13.4",
      "license": "MIT",
      "dependencies": {
        "follow-redirects": "^1.15.6",
        "form-data": "^4.0.4",
        "proxy-from-env": "^1.1.0"
      },
      "devDependencies": {
        "@babel/core": "^7.23.9",
        "@babel/preset-env": "^7.23.9",
        "@commitlint/cli": "^17.8.1",
        "@commitlint/config-conventional": "^17.8.1",
        "@release-it/conventional-changelog": "^5.1.1",
        "@rollup/plugin-alias": "^5.1.0",
        "@rollup/plugin-babel": "^5.3.1",
        "@rollup/plugin-commonjs": "^15.1.0",
        "@rollup/plugin-json": "^4.1.0",
        "@rollup/plugin-multi-entry": "^4.1.0",
        "@rollup/plugin-node-resolve": "^9.0.0",
        "abortcontroller-polyfill": "^1.7.5",
        "auto-changelog": "^2.4.0",
        "body-parser": "^1.20.2",
        "c8": "^10.1.3",
        "chalk": "^5.3.0",
        "coveralls": "^3.1.1",
        "cross-env": "^7.0.3",
        "dev-null": "^0.1.1",
        "dtslint": "^4.2.1",
        "es6-promise": "^4.2.8",
        "eslint": "^8.56.0",
        "express": "^4.18.2",
        "formdata-node": "^5.0.1",
        "formidable": "^2.1.2",
        "fs-extra": "^10.1.0",
        "get-stream": "^3.0.0",
        "gulp": "^4.0.2",
        "handlebars": "^4.7.8",
        "husky": "^8.0.3",
        "istanbul-instrumenter-loader": "^3.0.1",
        "jasmine-core": "^2.99.1",
        "karma": "^6.3.17",
        "karma-chrome-launcher": "^3.2.0",
        "karma-firefox-launcher": "^2.1.2",
        "karma-jasmine": "^1.1.2",
        "karma-jasmine-ajax": "^0.1.13",
        "karma-rollup-preprocessor": "^7.0.8",
        "karma-safari-launcher": "^1.0.0",
        "karma-sauce-launcher": "^4.3.6",
        "karma-sinon": "^1.0.5",
        "karma-sourcemap-loader": "^0.3.8",
        "memoizee": "^0.4.15",
        "minimist": "^1.2.8",
        "mocha": "^10.3.0",
        "multer": "^1.4.4",
        "pacote": "^20.0.0",
        "pretty-bytes": "^6.1.1",
        "release-it": "^15.11.0",
        "rollup": "^2.79.1",
        "rollup-plugin-auto-external": "^2.0.0",
        "rollup-plugin-bundle-size": "^1.0.3",
        "rollup-plugin-terser": "^7.0.2",
        "selfsigned": "^3.0.1",
        "sinon": "^4.5.0",
        "stream-throttle": "^0.1.3",
        "string-replace-async": "^3.0.2",
        "tar-stream": "^3.1.7",
        "typescript": "^4.9.5"
      }
    },
    "../../node_modules/.pnpm/bcryptjs@3.0.3/node_modules/bcryptjs": {
      "version": "3.0.3",
      "license": "BSD-3-Clause",
      "bin": {
        "bcrypt": "bin/bcrypt"
      },
      "devDependencies": {
        "bcrypt": "^5.1.1",
        "esm2umd": "^0.3.1",
        "prettier": "^3.5.0",
        "typescript": "^5.7.3"
      }
    },
    "../../node_modules/.pnpm/better-auth@0.6.2_react@18.3.1_solid-js@1.9.11_vue@3.5.27_typescript@5.9.3_/node_modules/better-auth": {
      "version": "0.6.2",
      "dependencies": {
        "@better-fetch/fetch": "1.1.12",
        "@nanostores/query": "^0.3.4",
        "@nanostores/react": "^0.8.0",
        "@nanostores/solid": "^0.4.2",
        "@nanostores/vue": "^0.10.0",
        "@noble/ciphers": "^0.6.0",
        "@noble/hashes": "^1.5.0",
        "@simplewebauthn/browser": "^10.0.0",
        "@simplewebauthn/server": "^10.0.1",
        "better-call": "0.2.13",
        "consola": "^3.2.3",
        "defu": "^6.1.4",
        "jose": "^5.9.4",
        "kysely": "^0.27.4",
        "nanoid": "^5.0.7",
        "nanostores": "^0.11.2",
        "oslo": "^1.2.1",
        "std-env": "^3.7.0",
        "uncrypto": "^0.1.3",
        "zod": "^3.22.5"
      },
      "devDependencies": {
        "@prisma/client": "^5.19.1",
        "@simplewebauthn/types": "^10.0.0",
        "@types/better-sqlite3": "^7.6.11",
        "@types/pg": "^8.11.6",
        "@types/prompts": "^2.4.9",
        "@types/react": "^18.3.3",
        "better-sqlite3": "^11.3.0",
        "drizzle-orm": "^0.33.0",
        "happy-dom": "^15.7.4",
        "hono": "^4.5.4",
        "listhen": "^1.7.2",
        "mongodb": "^6.9.0",
        "mysql2": "^3.11.0",
        "next": "^14.2.8",
        "oauth2-mock-server": "^7.1.2",
        "pg": "^8.12.0",
        "prisma": "^5.19.1",
        "react": "^18.3.1",
        "solid-js": "^1.8.18",
        "tsup": "^8.2.4",
        "typescript": "5.6.1-rc",
        "vitest": "^1.6.0",
        "vue": "^3.5.0"
      }
    },
    "../../node_modules/.pnpm/better-call@1.3.1_zod@3.25.76/node_modules/better-call": {
      "version": "1.3.1",
      "dev": true,
      "license": "MIT",
      "dependencies": {
        "@better-auth/utils": "^0.3.1",
        "@better-fetch/fetch": "^1.1.21",
        "rou3": "^0.7.12",
        "set-cookie-parser": "^3.0.1"
      },
      "devDependencies": {
        "@types/body-parser": "^1.19.6",
        "@types/express": "^5.0.3",
        "@types/set-cookie-parser": "^2.4.10",
        "@types/supertest": "^6.0.3",
        "body-parser": "^2.2.0",
        "express": "^5.1.0",
        "supertest": "^7.1.4"
      },
      "peerDependencies": {
        "zod": "^4.0.0"
      },
      "peerDependenciesMeta": {
        "zod": {
          "optional": true
        }
      }
    },
    "../../node_modules/.pnpm/bullmq@5.67.3/node_modules/bullmq": {
      "version": "5.67.3",
      "license": "MIT",
      "dependencies": {
        "cron-parser": "4.9.0",
        "ioredis": "5.9.2",
        "msgpackr": "1.11.5",
        "node-abort-controller": "3.1.1",
        "semver": "7.7.3",
        "tslib": "2.8.1",
        "uuid": "11.1.0"
      },
      "devDependencies": {
        "@commitlint/cli": "20.4.0",
        "@commitlint/config-conventional": "20.4.0",
        "@semantic-release/changelog": "6.0.3",
        "@semantic-release/commit-analyzer": "13.0.1",
        "@semantic-release/exec": "7.1.0",
        "@semantic-release/git": "10.0.1",
        "@semantic-release/github": "12.0.3",
        "@semantic-release/npm": "13.1.3",
        "@semantic-release/release-notes-generator": "14.1.0",
        "@types/lodash.defaults": "4.2.9",
        "@types/lodash.isarguments": "3.1.9",
        "@types/msgpack": "0.0.34",
        "@types/node": "18.19.130",
        "@types/semver": "7.7.1",
        "@types/sinon": "10.0.20",
        "@typescript-eslint/eslint-plugin": "8.54.0",
        "@typescript-eslint/parser": "8.54.0",
        "@vitest/coverage-v8": "^4.0.18",
        "coveralls-next": "6.0.1",
        "cpx2": "8.0.0",
        "eslint": "9.39.2",
        "eslint-config-prettier": "8.10.2",
        "eslint-plugin-prettier": "4.2.5",
        "eslint-plugin-promise": "7.2.1",
        "eslint-plugin-tsdoc": "0.5.0",
        "fast-glob": "3.3.3",
        "husky": "8.0.3",
        "lint-staged": "16.2.7",
        "madge": "8.0.0",
        "minimatch": "9.0.5",
        "moment": "2.30.1",
        "prettier": "3.8.1",
        "pretty-quick": "4.2.2",
        "progress": "2.0.3",
        "rimraf": "6.1.2",
        "rrule": "2.8.1",
        "semantic-release": "25.0.3",
        "sinon": "21.0.1",
        "test-console": "2.0.0",
        "ts-node": "10.9.2",
        "typedoc": "0.28.16",
        "typescript": "5.9.3",
        "vitest": "^4.0.18"
      }
    },
    "../../node_modules/.pnpm/cors@2.8.6/node_modules/cors": {
      "version": "2.8.6",
      "license": "MIT",
      "dependencies": {
        "object-assign": "^4",
        "vary": "^1"
      },
      "devDependencies": {
        "after": "0.8.2",
        "eslint": "7.30.0",
        "express": "4.21.2",
        "mocha": "9.2.2",
        "nyc": "15.1.0",
        "supertest": "6.1.3"
      },
      "engines": {
        "node": ">= 0.10"
      },
      "funding": {
        "type": "opencollective",
        "url": "https://opencollective.com/express"
      }
    },
    "../../node_modules/.pnpm/cos-nodejs-sdk-v5@2.15.4/node_modules/cos-nodejs-sdk-v5": {
      "version": "2.15.4",
      "license": "ISC",
      "dependencies": {
        "conf": "^9.0.0",
        "fast-xml-parser": "4.2.5",
        "mime-types": "^2.1.24",
        "request": "^2.88.2"
      },
      "devDependencies": {
        "@types/node": "^14.14.20",
        "batch": "^0.6.1",
        "crc64-ecma182.js": "^1.0.0",
        "mocha": "^4.0.1",
        "prettier": "^3.0.1",
        "qcloud-cos-sts": "^3.1.1"
      },
      "engines": {
        "node": ">= 6"
      }
    },
    "../../node_modules/.pnpm/dotenv@16.6.1/node_modules/dotenv": {
      "version": "16.6.1",
      "license": "BSD-2-Clause",
      "devDependencies": {
        "@types/node": "^18.11.3",
        "decache": "^4.6.2",
        "sinon": "^14.0.1",
        "standard": "^17.0.0",
        "standard-version": "^9.5.0",
        "tap": "^19.2.0",
        "typescript": "^4.8.4"
      },
      "engines": {
        "node": ">=12"
      },
      "funding": {
        "url": "https://dotenvx.com"
      }
    },
    "../../node_modules/.pnpm/drizzle-kit@0.20.18/node_modules/drizzle-kit": {
      "version": "0.20.18",
      "dev": true,
      "license": "MIT",
      "dependencies": {
        "@esbuild-kit/esm-loader": "^2.5.5",
        "@hono/node-server": "^1.9.0",
        "@hono/zod-validator": "^0.2.0",
        "camelcase": "^7.0.1",
        "chalk": "^5.2.0",
        "commander": "^9.4.1",
        "env-paths": "^3.0.0",
        "esbuild": "^0.19.7",
        "esbuild-register": "^3.5.0",
        "glob": "^8.1.0",
        "hanji": "^0.0.5",
        "hono": "^4.1.4",
        "json-diff": "0.9.0",
        "minimatch": "^7.4.3",
        "semver": "^7.5.4",
        "superjson": "^2.2.1",
        "zod": "^3.20.2"
      },
      "bin": {
        "drizzle-kit": "bin.cjs"
      },
      "devDependencies": {
        "@cloudflare/workers-types": "^4.20230518.0",
        "@libsql/client": "^0.4.2",
        "@types/better-sqlite3": "^7.6.4",
        "@types/dockerode": "^3.3.14",
        "@types/glob": "^8.1.0",
        "@types/minimatch": "^5.1.2",
        "@types/node": "^18.11.15",
        "@types/pg": "^8.10.7",
        "@types/semver": "^7.5.5",
        "@typescript-eslint/eslint-plugin": "^5.46.1",
        "@typescript-eslint/parser": "^5.46.1",
        "ava": "^5.1.0",
        "better-sqlite3": "^9.4.3",
        "dockerode": "^3.3.4",
        "dotenv": "^16.0.3",
        "drizzle-kit": "0.20.14",
        "drizzle-orm": "0.30.5",
        "esbuild-node-externals": "^1.9.0",
        "eslint": "^8.29.0",
        "eslint-config-prettier": "^8.5.0",
        "eslint-plugin-prettier": "^4.2.1",
        "get-port": "^6.1.2",
        "mysql2": "2.3.3",
        "pg": "^8.11.3",
        "postgres": "^3.3.5",
        "prettier": "^2.8.1",
        "tsx": "^3.12.1",
        "typescript": "^4.9.4",
        "uvu": "^0.5.6",
        "wrangler": "^3.22.1",
        "zx": "^7.2.2"
      }
    },
    "../../node_modules/.pnpm/drizzle-orm@0.29.5_@types+pg@8.16.0_@types+react@18.3.28_kysely@0.27.6_pg@8.18.0_react@18.3.1/node_modules/drizzle-orm": {
      "version": "0.29.5",
      "license": "Apache-2.0",
      "devDependencies": {
        "@aws-sdk/client-rds-data": "^3.344.0",
        "@cloudflare/workers-types": "^4.20230904.0",
        "@libsql/client": "^0.1.6",
        "@neondatabase/serverless": "^0.4.24",
        "@opentelemetry/api": "^1.4.1",
        "@originjs/vite-plugin-commonjs": "^1.0.3",
        "@planetscale/database": "^1.16.0",
        "@types/better-sqlite3": "^7.6.4",
        "@types/node": "^20.2.5",
        "@types/pg": "^8.10.1",
        "@types/react": "^18.2.45",
        "@types/sql.js": "^1.4.4",
        "@vercel/postgres": "^0.3.0",
        "better-sqlite3": "^8.4.0",
        "bun-types": "^0.6.6",
        "cpy": "^10.1.0",
        "expo-sqlite": "^13.2.0",
        "knex": "^2.4.2",
        "kysely": "^0.25.0",
        "mysql2": "^3.3.3",
        "pg": "^8.11.0",
        "postgres": "^3.3.5",
        "react": "^18.2.0",
        "sql.js": "^1.8.0",
        "sqlite3": "^5.1.2",
        "tslib": "^2.5.2",
        "tsx": "^3.12.7",
        "vite-tsconfig-paths": "^4.2.0",
        "vitest": "^0.31.4",
        "zod": "^3.20.2",
        "zx": "^7.2.2"
      },
      "peerDependencies": {
        "@aws-sdk/client-rds-data": ">=3",
        "@cloudflare/workers-types": ">=3",
        "@libsql/client": "*",
        "@neondatabase/serverless": ">=0.1",
        "@opentelemetry/api": "^1.4.1",
        "@planetscale/database": ">=1",
        "@types/better-sqlite3": "*",
        "@types/pg": "*",
        "@types/react": ">=18",
        "@types/sql.js": "*",
        "@vercel/postgres": "*",
        "better-sqlite3": ">=7",
        "bun-types": "*",
        "expo-sqlite": ">=13.2.0",
        "knex": "*",
        "kysely": "*",
        "mysql2": ">=2",
        "pg": ">=8",
        "postgres": ">=3",
        "react": ">=18",
        "sql.js": ">=1",
        "sqlite3": ">=5"
      },
      "peerDependenciesMeta": {
        "@aws-sdk/client-rds-data": {
          "optional": true
        },
        "@cloudflare/workers-types": {
          "optional": true
        },
        "@libsql/client": {
          "optional": true
        },
        "@neondatabase/serverless": {
          "optional": true
        },
        "@opentelemetry/api": {
          "optional": true
        },
        "@planetscale/database": {
          "optional": true
        },
        "@types/better-sqlite3": {
          "optional": true
        },
        "@types/pg": {
          "optional": true
        },
        "@types/react": {
          "optional": true
        },
        "@types/sql.js": {
          "optional": true
        },
        "@vercel/postgres": {
          "optional": true
        },
        "better-sqlite3": {
          "optional": true
        },
        "bun-types": {
          "optional": true
        },
        "expo-sqlite": {
          "optional": true
        },
        "knex": {
          "optional": true
        },
        "kysely": {
          "optional": true
        },
        "mysql2": {
          "optional": true
        },
        "pg": {
          "optional": true
        },
        "postgres": {
          "optional": true
        },
        "react": {
          "optional": true
        },
        "sql.js": {
          "optional": true
        },
        "sqlite3": {
          "optional": true
        }
      }
    },
    "../../node_modules/.pnpm/express@4.22.1/node_modules/express": {
      "version": "4.22.1",
      "license": "MIT",
      "dependencies": {
        "accepts": "~1.3.8",
        "array-flatten": "1.1.1",
        "body-parser": "~1.20.3",
        "content-disposition": "~0.5.4",
        "content-type": "~1.0.4",
        "cookie": "~0.7.1",
        "cookie-signature": "~1.0.6",
        "debug": "2.6.9",
        "depd": "2.0.0",
        "encodeurl": "~2.0.0",
        "escape-html": "~1.0.3",
        "etag": "~1.8.1",
        "finalhandler": "~1.3.1",
        "fresh": "~0.5.2",
        "http-errors": "~2.0.0",
        "merge-descriptors": "1.0.3",
        "methods": "~1.1.2",
        "on-finished": "~2.4.1",
        "parseurl": "~1.3.3",
        "path-to-regexp": "~0.1.12",
        "proxy-addr": "~2.0.7",
        "qs": "~6.14.0",
        "range-parser": "~1.2.1",
        "safe-buffer": "5.2.1",
        "send": "~0.19.0",
        "serve-static": "~1.16.2",
        "setprototypeof": "1.2.0",
        "statuses": "~2.0.1",
        "type-is": "~1.6.18",
        "utils-merge": "1.0.1",
        "vary": "~1.1.2"
      },
      "devDependencies": {
        "after": "0.8.2",
        "connect-redis": "3.4.2",
        "cookie-parser": "1.4.6",
        "cookie-session": "2.0.0",
        "ejs": "3.1.9",
        "eslint": "8.47.0",
        "express-session": "1.17.2",
        "hbs": "4.2.0",
        "marked": "0.7.0",
        "method-override": "3.0.0",
        "mocha": "^6.2.2",
        "morgan": "1.10.0",
        "nyc": "^14.1.1",
        "pbkdf2-password": "1.2.1",
        "supertest": "^6.1.6",
        "vhost": "~3.0.2"
      },
      "engines": {
        "node": ">= 0.10.0"
      },
      "funding": {
        "type": "opencollective",
        "url": "https://opencollective.com/express"
      }
    },
    "../../node_modules/.pnpm/i18next-fs-backend@2.6.1/node_modules/i18next-fs-backend": {
      "version": "2.6.1",
      "license": "MIT",
      "devDependencies": {
        "@babel/cli": "7.25.9",
        "@babel/core": "7.26.0",
        "@babel/preset-env": "7.26.0",
        "babel-plugin-add-module-exports": "1.0.4",
        "dtslint": "4.2.1",
        "esbuild": "0.25.0",
        "eslint": "8.55.0",
        "eslint-config-standard": "17.1.0",
        "eslint-plugin-import": "2.31.0",
        "eslint-plugin-n": "16.3.1",
        "eslint-plugin-promise": "6.1.1",
        "eslint-plugin-require-path-exists": "1.1.9",
        "eslint-plugin-standard": "5.0.0",
        "expect.js": "0.3.1",
        "i18next": "24.0.0",
        "js-yaml": "4.1.1",
        "json5": "2.2.3",
        "jsonc-parser": "3.3.1",
        "mocha": "10.8.2",
        "tsd": "0.31.2",
        "tslint": "5.20.1",
        "typescript": "5.6.3",
        "uglify-js": "3.19.3"
      }
    },
    "../../node_modules/.pnpm/i18next-http-middleware@3.9.2/node_modules/i18next-http-middleware": {
      "version": "3.9.2",
      "license": "MIT",
      "devDependencies": {
        "@babel/cli": "7.25.9",
        "@babel/core": "7.26.0",
        "@babel/preset-env": "7.26.0",
        "@hapi/hapi": "^21.3.12",
        "@koa/router": "12.0.1",
        "@opentelemetry/api": "^1.9.0",
        "@preact/signals": "^2.2.1",
        "@types/express-serve-static-core": "^5.0.1",
        "babel-plugin-add-module-exports": "1.0.4",
        "eslint": "8.53.0",
        "eslint-config-standard": "17.1.0",
        "eslint-plugin-import": "2.31.0",
        "eslint-plugin-n": "16.6.2",
        "eslint-plugin-promise": "6.6.0",
        "eslint-plugin-require-path-exists": "1.1.9",
        "eslint-plugin-standard": "5.0.0",
        "expect.js": "0.3.1",
        "express": "4.21.1",
        "fastify": "5.3.2",
        "i18next": "25.5.2",
        "koa": "2.16.1",
        "mocha": "10.8.2",
        "preact": "10.27.2",
        "preact-render-to-string": "6.6.3",
        "supertest": "7.0.0",
        "tsd": "0.31.2",
        "uglify-js": "3.19.3"
      }
    },
    "../../node_modules/.pnpm/i18next@25.8.4_typescript@5.9.3/node_modules/i18next": {
      "version": "25.8.4",
      "funding": [
        {
          "type": "individual",
          "url": "https://locize.com"
        },
        {
          "type": "individual",
          "url": "https://locize.com/i18next.html"
        },
        {
          "type": "individual",
          "url": "https://www.i18next.com/how-to/faq#i18next-is-awesome.-how-can-i-support-the-project"
        }
      ],
      "license": "MIT",
      "dependencies": {
        "@babel/runtime": "^7.28.4"
      },
      "devDependencies": {
        "@arktype/attest": "^0.55.0",
        "@babel/core": "^7.28.5",
        "@babel/plugin-transform-async-generator-functions": "^7.28.0",
        "@babel/plugin-transform-modules-commonjs": "^7.27.1",
        "@babel/plugin-transform-runtime": "^7.28.5",
        "@babel/polyfill": "^7.12.1",
        "@babel/preset-env": "^7.28.5",
        "@babel/preset-react": "^7.28.5",
        "@babel/register": "^7.28.3",
        "@rollup/plugin-babel": "^6.1.0",
        "@rollup/plugin-commonjs": "^29.0.0",
        "@rollup/plugin-node-resolve": "^16.0.3",
        "@rollup/plugin-terser": "^0.4.4",
        "@types/node": "^22.19.1",
        "@typescript-eslint/eslint-plugin": "^7.18.0",
        "@typescript-eslint/parser": "^7.18.0",
        "@vitest/coverage-v8": "^3.2.4",
        "babelify": "^10.0.0",
        "coveralls": "^3.1.1",
        "cpy-cli": "^5.0.0",
        "eslint": "^8.57.1",
        "eslint-config-airbnb-base": "^15.0.0",
        "eslint-config-prettier": "^10.1.8",
        "eslint-import-resolver-typescript": "^4.4.4",
        "eslint-plugin-import": "^2.32.0",
        "gh-release": "^7.0.2",
        "husky": "^9.1.7",
        "i18next-browser-languagedetector": "^8.2.0",
        "i18next-fs-backend": "^2.6.1",
        "i18next-http-backend": "^3.0.2",
        "i18next-localstorage-cache": "^1.1.1",
        "i18next-sprintf-postprocessor": "^0.2.2",
        "lint-staged": "^16.2.6",
        "prettier": "^3.6.2",
        "rimraf": "^6.1.0",
        "rollup": "^4.53.2",
        "sinon": "^19.0.5",
        "typescript": "^5.9.3",
        "vitest": "^3.2.4"
      },
      "peerDependencies": {
        "typescript": "^5"
      },
      "peerDependenciesMeta": {
        "typescript": {
          "optional": true
        }
      }
    },
    "../../node_modules/.pnpm/ioredis@5.9.2/node_modules/ioredis": {
      "version": "5.9.2",
      "license": "MIT",
      "dependencies": {
        "@ioredis/commands": "1.5.0",
        "cluster-key-slot": "^1.1.0",
        "debug": "^4.3.4",
        "denque": "^2.1.0",
        "lodash.defaults": "^4.2.0",
        "lodash.isarguments": "^3.1.0",
        "redis-errors": "^1.2.0",
        "redis-parser": "^3.0.0",
        "standard-as-callback": "^2.1.0"
      },
      "devDependencies": {
        "@ioredis/interface-generator": "^1.3.0",
        "@semantic-release/changelog": "^6.0.1",
        "@semantic-release/commit-analyzer": "^9.0.2",
        "@semantic-release/git": "^10.0.1",
        "@types/chai": "^4.3.0",
        "@types/chai-as-promised": "^7.1.5",
        "@types/debug": "^4.1.5",
        "@types/lodash.defaults": "^4.2.7",
        "@types/lodash.isarguments": "^3.1.7",
        "@types/mocha": "^9.1.0",
        "@types/node": "^14.18.12",
        "@types/redis-errors": "^1.2.1",
        "@types/sinon": "^10.0.11",
        "@typescript-eslint/eslint-plugin": "^5.48.1",
        "@typescript-eslint/parser": "^5.48.1",
        "chai": "^4.3.6",
        "chai-as-promised": "^7.1.1",
        "eslint": "^8.31.0",
        "eslint-config-prettier": "^8.6.0",
        "mocha": "^9.2.1",
        "nyc": "^15.1.0",
        "prettier": "^2.6.1",
        "semantic-release": "^19.0.2",
        "server-destroy": "^1.0.1",
        "sinon": "^13.0.1",
        "ts-node": "^10.4.0",
        "tsd": "^0.19.1",
        "typedoc": "^0.22.18",
        "typescript": "^4.6.3",
        "uuid": "^9.0.0"
      },
      "engines": {
        "node": ">=12.22.0"
      },
      "funding": {
        "type": "opencollective",
        "url": "https://opencollective.com/ioredis"
      }
    },
    "../../node_modules/.pnpm/jest@29.7.0_@types+node@20.19.32/node_modules/jest": {
      "version": "29.7.0",
      "dev": true,
      "license": "MIT",
      "dependencies": {
        "@jest/core": "^29.7.0",
        "@jest/types": "^29.6.3",
        "import-local": "^3.0.2",
        "jest-cli": "^29.7.0"
      },
      "bin": {
        "jest": "bin/jest.js"
      },
      "devDependencies": {
        "@tsd/typescript": "^5.0.4",
        "tsd-lite": "^0.7.0"
      },
      "engines": {
        "node": "^14.15.0 || ^16.10.0 || >=18.0.0"
      },
      "peerDependencies": {
        "node-notifier": "^8.0.1 || ^9.0.0 || ^10.0.0"
      },
      "peerDependenciesMeta": {
        "node-notifier": {
          "optional": true
        }
      }
    },
    "../../node_modules/.pnpm/multer@1.4.5-lts.2/node_modules/multer": {
      "version": "1.4.5-lts.2",
      "license": "MIT",
      "dependencies": {
        "append-field": "^1.0.0",
        "busboy": "^1.0.0",
        "concat-stream": "^1.5.2",
        "mkdirp": "^0.5.4",
        "object-assign": "^4.1.1",
        "type-is": "^1.6.4",
        "xtend": "^4.0.0"
      },
      "devDependencies": {
        "deep-equal": "^2.0.3",
        "express": "^4.13.1",
        "form-data": "^1.0.0-rc1",
        "fs-temp": "^1.1.2",
        "mocha": "^3.5.3",
        "rimraf": "^2.4.1",
        "standard": "^14.3.3",
        "testdata-w3c-json-form": "^1.0.0"
      },
      "engines": {
        "node": ">= 6.0.0"
      }
    },
    "../../node_modules/.pnpm/openai@4.104.0_ws@8.18.3_zod@3.25.76/node_modules/openai": {
      "version": "4.104.0",
      "license": "Apache-2.0",
      "dependencies": {
        "@types/node": "^18.11.18",
        "@types/node-fetch": "^2.6.4",
        "abort-controller": "^3.0.0",
        "agentkeepalive": "^4.2.1",
        "form-data-encoder": "1.7.2",
        "formdata-node": "^4.3.2",
        "node-fetch": "^2.6.7"
      },
      "bin": {
        "openai": "bin/cli"
      },
      "peerDependencies": {
        "ws": "^8.18.0",
        "zod": "^3.23.8"
      },
      "peerDependenciesMeta": {
        "ws": {
          "optional": true
        },
        "zod": {
          "optional": true
        }
      }
    },
    "../../node_modules/.pnpm/pg@8.18.0/node_modules/pg": {
      "version": "8.18.0",
      "license": "MIT",
      "dependencies": {
        "pg-connection-string": "^2.11.0",
        "pg-pool": "^3.11.0",
        "pg-protocol": "^1.11.0",
        "pg-types": "2.2.0",
        "pgpass": "1.0.5"
      },
      "devDependencies": {
        "@cloudflare/vitest-pool-workers": "0.8.23",
        "@cloudflare/workers-types": "^4.20230404.0",
        "async": "2.6.4",
        "bluebird": "3.7.2",
        "co": "4.6.0",
        "pg-copy-streams": "0.3.0",
        "typescript": "^4.0.3",
        "vitest": "~3.0.9",
        "wrangler": "^3.x"
      },
      "engines": {
        "node": ">= 16.0.0"
      },
      "optionalDependencies": {
        "pg-cloudflare": "^1.3.0"
      },
      "peerDependencies": {
        "pg-native": ">=3.0.1"
      },
      "peerDependenciesMeta": {
        "pg-native": {
          "optional": true
        }
      }
    },
    "../../node_modules/.pnpm/redis@4.7.1/node_modules/redis": {
      "version": "4.7.1",
      "license": "MIT",
      "workspaces": [
        "./packages/*"
      ],
      "dependencies": {
        "@redis/bloom": "1.2.0",
        "@redis/client": "1.6.1",
        "@redis/graph": "1.1.1",
        "@redis/json": "1.0.7",
        "@redis/search": "1.2.0",
        "@redis/time-series": "1.1.0"
      },
      "devDependencies": {
        "@tsconfig/node14": "^14.1.0",
        "gh-pages": "^6.0.0",
        "release-it": "^16.1.5",
        "typescript": "^5.2.2"
      }
    },
    "../../node_modules/.pnpm/socket.io@4.8.3/node_modules/socket.io": {
      "version": "4.8.3",
      "license": "MIT",
      "dependencies": {
        "accepts": "~1.3.4",
        "base64id": "~2.0.0",
        "cors": "~2.8.5",
        "debug": "~4.4.1",
        "engine.io": "~6.6.0",
        "socket.io-adapter": "~2.5.2",
        "socket.io-parser": "~4.2.4"
      },
      "engines": {
        "node": ">=10.2.0"
      }
    },
    "../../node_modules/.pnpm/swagger-ui-express@5.0.1_express@4.22.1/node_modules/swagger-ui-express": {
      "version": "5.0.1",
      "license": "MIT",
      "dependencies": {
        "swagger-ui-dist": ">=5.0.0"
      },
      "devDependencies": {
        "es6-shim": "0.35.8",
        "express": "^4.19.2",
        "istanbul-badges-readme": "^1.9.0",
        "mocha": "^10.4.0",
        "nyc": "^15.1.0",
        "puppeteer": "22.8.2"
      },
      "engines": {
        "node": ">= v0.10.32"
      },
      "peerDependencies": {
        "express": ">=4.0.0 || >=5.0.0-beta"
      }
    },
    "../../node_modules/.pnpm/ts-jest@29.4.6_@babel+core@7.29.0_@jest+transform@29.7.0_@jest+types@29.6.3_babel-jest@_721c4d6b57bb50d5857abd09c46b9e7d/node_modules/ts-jest": {
      "version": "29.4.6",
      "dev": true,
      "license": "MIT",
      "dependencies": {
        "bs-logger": "^0.2.6",
        "fast-json-stable-stringify": "^2.1.0",
        "handlebars": "^4.7.8",
        "json5": "^2.2.3",
        "lodash.memoize": "^4.1.2",
        "make-error": "^1.3.6",
        "semver": "^7.7.3",
        "type-fest": "^4.41.0",
        "yargs-parser": "^21.1.1"
      },
      "bin": {
        "ts-jest": "cli.js"
      },
      "devDependencies": {
        "@commitlint/cli": "^19.8.1",
        "@commitlint/config-angular": "^19.8.1",
        "@eslint/compat": "^1.4.1",
        "@eslint/eslintrc": "^3.3.1",
        "@eslint/js": "^9.39.1",
        "@jest/globals": "^30.2.0",
        "@jest/transform": "^30.2.0",
        "@jest/types": "^30.2.0",
        "@types/babel__core": "^7.20.5",
        "@types/fs-extra": "^11.0.4",
        "@types/jest": "^29.5.14",
        "@types/js-yaml": "^4.0.9",
        "@types/lodash.camelcase": "^4.3.9",
        "@types/lodash.memoize": "^4.1.9",
        "@types/lodash.set": "^4.3.9",
        "@types/micromatch": "^4.0.10",
        "@types/node": "20.19.25",
        "@types/semver": "^7.7.1",
        "@types/yargs": "^17.0.35",
        "@types/yargs-parser": "21.0.3",
        "@typescript-eslint/eslint-plugin": "^8.48.0",
        "@typescript-eslint/parser": "^8.48.0",
        "babel-jest": "^30.2.0",
        "conventional-changelog": "^7.1.1",
        "conventional-changelog-angular": "^8.1.0",
        "esbuild": "~0.27.0",
        "eslint": "^9.39.1",
        "eslint-config-prettier": "^10.1.8",
        "eslint-plugin-import": "^2.32.0",
        "eslint-plugin-jest": "^28.14.0",
        "eslint-plugin-jsdoc": "^50.8.0",
        "eslint-plugin-prettier": "^4.2.5",
        "execa": "5.1.1",
        "fast-glob": "^3.3.3",
        "fs-extra": "^11.3.2",
        "globals": "^16.5.0",
        "husky": "^9.1.7",
        "jest": "^30.2.0",
        "js-yaml": "^4.1.1",
        "lint-staged": "^15.5.2",
        "memfs": "^4.51.0",
        "prettier": "^2.8.8",
        "rimraf": "^5.0.10",
        "ts-node": "^10.9.2",
        "typescript": "~5.9.3",
        "typescript-eslint": "^8.48.0"
      },
      "engines": {
        "node": "^14.15.0 || ^16.10.0 || ^18.0.0 || >=20.0.0"
      },
      "peerDependencies": {
        "@babel/core": ">=7.0.0-beta.0 <8",
        "@jest/transform": "^29.0.0 || ^30.0.0",
        "@jest/types": "^29.0.0 || ^30.0.0",
        "babel-jest": "^29.0.0 || ^30.0.0",
        "jest": "^29.0.0 || ^30.0.0",
        "jest-util": "^29.0.0 || ^30.0.0",
        "typescript": ">=4.3 <6"
      },
      "peerDependenciesMeta": {
        "@babel/core": {
          "optional": true
        },
        "@jest/transform": {
          "optional": true
        },
        "@jest/types": {
          "optional": true
        },
        "babel-jest": {
          "optional": true
        },
        "esbuild": {
          "optional": true
        },
        "jest-util": {
          "optional": true
        }
      }
    },
    "../../node_modules/.pnpm/tsx@4.21.0/node_modules/tsx": {
      "version": "4.21.0",
      "dev": true,
      "license": "MIT",
      "dependencies": {
        "esbuild": "~0.27.0",
        "get-tsconfig": "^4.7.5"
      },
      "bin": {
        "tsx": "dist/cli.mjs"
      },
      "engines": {
        "node": ">=18.0.0"
      },
      "optionalDependencies": {
        "fsevents": "~2.3.3"
      }
    },
    "../../node_modules/.pnpm/typescript@5.9.3/node_modules/typescript": {
      "version": "5.9.3",
      "dev": true,
      "license": "Apache-2.0",
      "bin": {
        "tsc": "bin/tsc",
        "tsserver": "bin/tsserver"
      },
      "devDependencies": {
        "@dprint/formatter": "^0.4.1",
        "@dprint/typescript": "0.93.4",
        "@esfx/canceltoken": "^1.0.0",
        "@eslint/js": "^9.20.0",
        "@octokit/rest": "^21.1.1",
        "@types/chai": "^4.3.20",
        "@types/diff": "^7.0.1",
        "@types/minimist": "^1.2.5",
        "@types/mocha": "^10.0.10",
        "@types/ms": "^0.7.34",
        "@types/node": "latest",
        "@types/source-map-support": "^0.5.10",
        "@types/which": "^3.0.4",
        "@typescript-eslint/rule-tester": "^8.24.1",
        "@typescript-eslint/type-utils": "^8.24.1",
        "@typescript-eslint/utils": "^8.24.1",
        "azure-devops-node-api": "^14.1.0",
        "c8": "^10.1.3",
        "chai": "^4.5.0",
        "chokidar": "^4.0.3",
        "diff": "^7.0.0",
        "dprint": "^0.49.0",
        "esbuild": "^0.25.0",
        "eslint": "^9.20.1",
        "eslint-formatter-autolinkable-stylish": "^1.4.0",
        "eslint-plugin-regexp": "^2.7.0",
        "fast-xml-parser": "^4.5.2",
        "glob": "^10.4.5",
        "globals": "^15.15.0",
        "hereby": "^1.10.0",
        "jsonc-parser": "^3.3.1",
        "knip": "^5.44.4",
        "minimist": "^1.2.8",
        "mocha": "^10.8.2",
        "mocha-fivemat-progress-reporter": "^0.1.0",
        "monocart-coverage-reports": "^2.12.1",
        "ms": "^2.1.3",
        "picocolors": "^1.1.1",
        "playwright": "^1.50.1",
        "source-map-support": "^0.5.21",
        "tslib": "^2.8.1",
        "typescript": "^5.7.3",
        "typescript-eslint": "^8.24.1",
        "which": "^3.0.1"
      },
      "engines": {
        "node": ">=14.17"
      }
    },
    "../../node_modules/.pnpm/winston@3.19.0/node_modules/winston": {
      "version": "3.19.0",
      "license": "MIT",
      "dependencies": {
        "@colors/colors": "^1.6.0",
        "@dabh/diagnostics": "^2.0.8",
        "async": "^3.2.3",
        "is-stream": "^2.0.0",
        "logform": "^2.7.0",
        "one-time": "^1.0.0",
        "readable-stream": "^3.4.0",
        "safe-stable-stringify": "^2.3.1",
        "stack-trace": "0.0.x",
        "triple-beam": "^1.3.0",
        "winston-transport": "^4.9.0"
      },
      "devDependencies": {
        "@babel/cli": "^7.23.9",
        "@babel/core": "^7.24.0",
        "@babel/preset-env": "^7.24.0",
        "@dabh/eslint-config-populist": "^4.4.0",
        "@types/node": "^20.11.24",
        "abstract-winston-transport": "^0.5.1",
        "assume": "^2.2.0",
        "cross-spawn-async": "^2.2.5",
        "eslint": "^8.57.0",
        "hock": "^1.4.1",
        "jest": "^29.7.0",
        "rimraf": "5.0.10",
        "split2": "^4.1.0",
        "std-mocks": "^2.0.0",
        "through2": "^4.0.2",
        "winston-compat": "^0.1.5"
      },
      "engines": {
        "node": ">= 12.0.0"
      }
    },
    "../../node_modules/.pnpm/zod@3.25.76/node_modules/zod": {
      "version": "3.25.76",
      "license": "MIT",
      "funding": {
        "url": "https://github.com/sponsors/colinhacks"
      }
    },
    "node_modules/@anthropic-ai/sdk": {
      "resolved": "../../node_modules/.pnpm/@anthropic-ai+sdk@0.14.1/node_modules/@anthropic-ai/sdk",
      "link": true
    },
    "node_modules/@types/bcryptjs": {
      "resolved": "../../node_modules/.pnpm/@types+bcryptjs@2.4.6/node_modules/@types/bcryptjs",
      "link": true
    },
    "node_modules/@types/cors": {
      "resolved": "../../node_modules/.pnpm/@types+cors@2.8.19/node_modules/@types/cors",
      "link": true
    },
    "node_modules/@types/express": {
      "resolved": "../../node_modules/.pnpm/@types+express@4.17.25/node_modules/@types/express",
      "link": true
    },
    "node_modules/@types/express-serve-static-core": {
      "resolved": "../../node_modules/.pnpm/@types+express-serve-static-core@5.1.1/node_modules/@types/express-serve-static-core",
      "link": true
    },
    "node_modules/@types/jest": {
      "resolved": "../../node_modules/.pnpm/@types+jest@29.5.14/node_modules/@types/jest",
      "link": true
    },
    "node_modules/@types/multer": {
      "resolved": "../../node_modules/.pnpm/@types+multer@1.4.13/node_modules/@types/multer",
      "link": true
    },
    "node_modules/@types/node": {
      "resolved": "../../node_modules/.pnpm/@types+node@20.19.32/node_modules/@types/node",
      "link": true
    },
    "node_modules/@types/nodemailer": {
      "version": "7.0.9",
      "resolved": "https://registry.npmmirror.com/@types/nodemailer/-/nodemailer-7.0.9.tgz",
      "integrity": "sha512-vI8oF1M+8JvQhsId0Pc38BdUP2evenIIys7c7p+9OZXSPOH5c1dyINP1jT8xQ2xPuBUXmIC87s+91IZMDjH8Ow==",
      "dev": true,
      "license": "MIT",
      "dependencies": {
        "@types/node": "*"
      }
    },
    "node_modules/@types/pg": {
      "resolved": "../../node_modules/.pnpm/@types+pg@8.16.0/node_modules/@types/pg",
      "link": true
    },
    "node_modules/@types/swagger-ui-express": {
      "resolved": "../../node_modules/.pnpm/@types+swagger-ui-express@4.1.8/node_modules/@types/swagger-ui-express",
      "link": true
    },
    "node_modules/axios": {
      "resolved": "../../node_modules/.pnpm/axios@1.13.4/node_modules/axios",
      "link": true
    },
    "node_modules/bcryptjs": {
      "resolved": "../../node_modules/.pnpm/bcryptjs@3.0.3/node_modules/bcryptjs",
      "link": true
    },
    "node_modules/better-auth": {
      "resolved": "../../node_modules/.pnpm/better-auth@0.6.2_react@18.3.1_solid-js@1.9.11_vue@3.5.27_typescript@5.9.3_/node_modules/better-auth",
      "link": true
    },
    "node_modules/better-call": {
      "resolved": "../../node_modules/.pnpm/better-call@1.3.1_zod@3.25.76/node_modules/better-call",
      "link": true
    },
    "node_modules/bullmq": {
      "resolved": "../../node_modules/.pnpm/bullmq@5.67.3/node_modules/bullmq",
      "link": true
    },
    "node_modules/cors": {
      "resolved": "../../node_modules/.pnpm/cors@2.8.6/node_modules/cors",
      "link": true
    },
    "node_modules/cos-nodejs-sdk-v5": {
      "resolved": "../../node_modules/.pnpm/cos-nodejs-sdk-v5@2.15.4/node_modules/cos-nodejs-sdk-v5",
      "link": true
    },
    "node_modules/dotenv": {
      "resolved": "../../node_modules/.pnpm/dotenv@16.6.1/node_modules/dotenv",
      "link": true
    },
    "node_modules/drizzle-kit": {
      "resolved": "../../node_modules/.pnpm/drizzle-kit@0.20.18/node_modules/drizzle-kit",
      "link": true
    },
    "node_modules/drizzle-orm": {
      "resolved": "../../node_modules/.pnpm/drizzle-orm@0.29.5_@types+pg@8.16.0_@types+react@18.3.28_kysely@0.27.6_pg@8.18.0_react@18.3.1/node_modules/drizzle-orm",
      "link": true
    },
    "node_modules/express": {
      "resolved": "../../node_modules/.pnpm/express@4.22.1/node_modules/express",
      "link": true
    },
    "node_modules/i18next": {
      "resolved": "../../node_modules/.pnpm/i18next@25.8.4_typescript@5.9.3/node_modules/i18next",
      "link": true
    },
    "node_modules/i18next-fs-backend": {
      "resolved": "../../node_modules/.pnpm/i18next-fs-backend@2.6.1/node_modules/i18next-fs-backend",
      "link": true
    },
    "node_modules/i18next-http-middleware": {
      "resolved": "../../node_modules/.pnpm/i18next-http-middleware@3.9.2/node_modules/i18next-http-middleware",
      "link": true
    },
    "node_modules/ioredis": {
      "resolved": "../../node_modules/.pnpm/ioredis@5.9.2/node_modules/ioredis",
      "link": true
    },
    "node_modules/jest": {
      "resolved": "../../node_modules/.pnpm/jest@29.7.0_@types+node@20.19.32/node_modules/jest",
      "link": true
    },
    "node_modules/multer": {
      "resolved": "../../node_modules/.pnpm/multer@1.4.5-lts.2/node_modules/multer",
      "link": true
    },
    "node_modules/nodemailer": {
      "version": "8.0.1",
      "resolved": "https://registry.npmmirror.com/nodemailer/-/nodemailer-8.0.1.tgz",
      "integrity": "sha512-5kcldIXmaEjZcHR6F28IKGSgpmZHaF1IXLWFTG+Xh3S+Cce4MiakLtWY+PlBU69fLbRa8HlaGIrC/QolUpHkhg==",
      "license": "MIT-0",
      "engines": {
        "node": ">=6.0.0"
      }
    },
    "node_modules/openai": {
      "resolved": "../../node_modules/.pnpm/openai@4.104.0_ws@8.18.3_zod@3.25.76/node_modules/openai",
      "link": true
    },
    "node_modules/pg": {
      "resolved": "../../node_modules/.pnpm/pg@8.18.0/node_modules/pg",
      "link": true
    },
    "node_modules/redis": {
      "resolved": "../../node_modules/.pnpm/redis@4.7.1/node_modules/redis",
      "link": true
    },
    "node_modules/socket.io": {
      "resolved": "../../node_modules/.pnpm/socket.io@4.8.3/node_modules/socket.io",
      "link": true
    },
    "node_modules/swagger-ui-express": {
      "resolved": "../../node_modules/.pnpm/swagger-ui-express@5.0.1_express@4.22.1/node_modules/swagger-ui-express",
      "link": true
    },
    "node_modules/ts-jest": {
      "resolved": "../../node_modules/.pnpm/ts-jest@29.4.6_@babel+core@7.29.0_@jest+transform@29.7.0_@jest+types@29.6.3_babel-jest@_721c4d6b57bb50d5857abd09c46b9e7d/node_modules/ts-jest",
      "link": true
    },
    "node_modules/tsx": {
      "resolved": "../../node_modules/.pnpm/tsx@4.21.0/node_modules/tsx",
      "link": true
    },
    "node_modules/typescript": {
      "resolved": "../../node_modules/.pnpm/typescript@5.9.3/node_modules/typescript",
      "link": true
    },
    "node_modules/winston": {
      "resolved": "../../node_modules/.pnpm/winston@3.19.0/node_modules/winston",
      "link": true
    },
    "node_modules/zod": {
      "resolved": "../../node_modules/.pnpm/zod@3.25.76/node_modules/zod",
      "link": true
    }
  }
}
